
Microsoft Visual Studio Solution File, Format Version 12.00
# Visual Studio Version 16
VisualStudioVersion = 16.0.31613.86
MinimumVisualStudioVersion = 10.0.40219.1
Project("{FAE04EC0-301F-11D3-BF4B-00C04F79EFBC}") = "B0226497_段昱如_PDPR _Week6_1", "B0226497_段昱如_PDPR _Week6_1.csproj", "{FF55DC9B-D961-4252-9CDE-49D17712FE49}"
EndProject
Global
	GlobalSection(SolutionConfigurationPlatforms) = preSolution
		Debug|Any CPU = Debug|Any CPU
		Release|Any CPU = Release|Any CPU
	EndGlobalSection
	GlobalSection(ProjectConfigurationPlatforms) = postSolution
		{FF55DC9B-D961-4252-9CDE-49D17712FE49}.Debug|Any CPU.ActiveCfg = Debug|Any CPU
		{FF55DC9B-D961-4252-9CDE-49D17712FE49}.Debug|Any CPU.Build.0 = Debug|Any CPU
		{FF55DC9B-D961-4252-9CDE-49D17712FE49}.Release|Any CPU.ActiveCfg = Release|Any CPU
		{FF55DC9B-D961-4252-9CDE-49D17712FE49}.Release|Any CPU.Build.0 = Release|Any CPU
	EndGlobalSection
	GlobalSection(SolutionProperties) = preSolution
		HideSolutionNode = FALSE
	EndGlobalSection
	GlobalSection(ExtensibilityGlobals) = postSolution
		SolutionGuid = {F8839543-1D53-49A3-8AE6-838C165599D2}
	EndGlobalSection
EndGlobal
